
Microsoft Visual Studio Solution File, Format Version 12.00
# Visual Studio Version 17
VisualStudioVersion = 17.1.32407.343
MinimumVisualStudioVersion = 10.0.40219.1
Project("{2150E333-8FDC-42A3-9474-1A3956D46DE8}") = "Common", "Common", "{F653A955-D7A5-40A8-A1BE-1BE969C7CBAA}"
EndProject
Project("{2150E333-8FDC-42A3-9474-1A3956D46DE8}") = "User", "User", "{0D00BF42-4A09-40D0-A102-5868328853D9}"
EndProject
Project("{2150E333-8FDC-42A3-9474-1A3956D46DE8}") = "src", "src", "{1035C783-C039-4E31-B4EF-89FF90ADD59F}"
EndProject
Project("{2150E333-8FDC-42A3-9474-1A3956D46DE8}") = "test", "test", "{ED66F8D9-FB51-4C05-8094-45166FC4137F}"
EndProject
Project("{9A19103F-16F7-4668-BE54-9A1E7A4F7556}") = "GamerLibrary.User.API", "src\GamerLibrary.User.API\GamerLibrary.User.API.csproj", "{EA789B8A-A506-4DDF-9243-D8DA126E5405}"
EndProject
Project("{9A19103F-16F7-4668-BE54-9A1E7A4F7556}") = "GamerLibrary.User.Domain", "src\GamerLibrary.User.Domain\GamerLibrary.User.Domain.csproj", "{A87CD17C-8BF1-451B-9BAF-78336EE8EDA8}"
EndProject
Project("{9A19103F-16F7-4668-BE54-9A1E7A4F7556}") = "GamerLibrary.User.Repository", "src\GamerLibrary.User.Repository.MongoDb\GamerLibrary.User.Repository.csproj", "{DC6B1564-6E0C-467C-9770-E4A288D11F96}"
EndProject
Project("{9A19103F-16F7-4668-BE54-9A1E7A4F7556}") = "GamerLibrary.User.Service", "src\GamerLibrary.User.Service\GamerLibrary.User.Service.csproj", "{2A066D88-BB9F-4D0F-8390-9C978927DA4D}"
EndProject
Project("{9A19103F-16F7-4668-BE54-9A1E7A4F7556}") = "GamerLibrary.Common.Repository", "src\GamerLibrary.Common.Repository\GamerLibrary.Common.Repository.csproj", "{3CC705AE-8DED-4B57-AA1C-30755F6E2E62}"
EndProject
Project("{9A19103F-16F7-4668-BE54-9A1E7A4F7556}") = "GamerLibrary.Common.API", "src\GamerLibrary.Common.API\GamerLibrary.Common.API.csproj", "{D01092C7-A771-4093-ABA3-5F28651728E5}"
EndProject
Project("{9A19103F-16F7-4668-BE54-9A1E7A4F7556}") = "GamerLibrary.Common.Domain", "src\GamerLibrary.Common.Domain\GamerLibrary.Common.Domain.csproj", "{69A9CD4F-0745-405D-A9FF-335A1E83145B}"
EndProject
Project("{2150E333-8FDC-42A3-9474-1A3956D46DE8}") = "Movie", "Movie", "{237380C2-C86D-4211-96C7-67E2D614C750}"
EndProject
Project("{2150E333-8FDC-42A3-9474-1A3956D46DE8}") = "src", "src", "{46B8359A-F5F9-49AE-B867-342D195E236E}"
EndProject
Project("{2150E333-8FDC-42A3-9474-1A3956D46DE8}") = "test", "test", "{DB49AB22-6C65-48F0-B388-5E5E5B4EF3BB}"
EndProject
Project("{FAE04EC0-301F-11D3-BF4B-00C04F79EFBC}") = "GamerLibrary.Movie.API", "src\GamerLibrary.Movie.API\GamerLibrary.Movie.API.csproj", "{7C11F063-BF31-4BE2-A947-CF5D3B821F20}"
EndProject
Project("{FAE04EC0-301F-11D3-BF4B-00C04F79EFBC}") = "GamerLibrary.Movie.Domain", "src\GamerLibrary.Movie.Domain\GamerLibrary.Movie.Domain.csproj", "{B4966080-17B5-44DB-B46B-D854857BA1E7}"
EndProject
Project("{FAE04EC0-301F-11D3-BF4B-00C04F79EFBC}") = "GamerLibrary.Movie.Repository", "src\GamerLibrary.Movie.Repository\GamerLibrary.Movie.Repository.csproj", "{C574306C-AEBF-46A7-A033-11C8CB2C71A3}"
EndProject
Project("{FAE04EC0-301F-11D3-BF4B-00C04F79EFBC}") = "GamerLibrary.Movie.Service", "src\GamerLibrary.Movie.Service\GamerLibrary.Movie.Service.csproj", "{06847FEC-2FA7-48E0-A06D-61ACBF757F14}"
EndProject
Global
	GlobalSection(SolutionConfigurationPlatforms) = preSolution
		Debug|Any CPU = Debug|Any CPU
		Release|Any CPU = Release|Any CPU
	EndGlobalSection
	GlobalSection(ProjectConfigurationPlatforms) = postSolution
		{EA789B8A-A506-4DDF-9243-D8DA126E5405}.Debug|Any CPU.ActiveCfg = Debug|Any CPU
		{EA789B8A-A506-4DDF-9243-D8DA126E5405}.Debug|Any CPU.Build.0 = Debug|Any CPU
		{EA789B8A-A506-4DDF-9243-D8DA126E5405}.Release|Any CPU.ActiveCfg = Release|Any CPU
		{EA789B8A-A506-4DDF-9243-D8DA126E5405}.Release|Any CPU.Build.0 = Release|Any CPU
		{A87CD17C-8BF1-451B-9BAF-78336EE8EDA8}.Debug|Any CPU.ActiveCfg = Debug|Any CPU
		{A87CD17C-8BF1-451B-9BAF-78336EE8EDA8}.Debug|Any CPU.Build.0 = Debug|Any CPU
		{A87CD17C-8BF1-451B-9BAF-78336EE8EDA8}.Release|Any CPU.ActiveCfg = Release|Any CPU
		{A87CD17C-8BF1-451B-9BAF-78336EE8EDA8}.Release|Any CPU.Build.0 = Release|Any CPU
		{DC6B1564-6E0C-467C-9770-E4A288D11F96}.Debug|Any CPU.ActiveCfg = Debug|Any CPU
		{DC6B1564-6E0C-467C-9770-E4A288D11F96}.Debug|Any CPU.Build.0 = Debug|Any CPU
		{DC6B1564-6E0C-467C-9770-E4A288D11F96}.Release|Any CPU.ActiveCfg = Release|Any CPU
		{DC6B1564-6E0C-467C-9770-E4A288D11F96}.Release|Any CPU.Build.0 = Release|Any CPU
		{2A066D88-BB9F-4D0F-8390-9C978927DA4D}.Debug|Any CPU.ActiveCfg = Debug|Any CPU
		{2A066D88-BB9F-4D0F-8390-9C978927DA4D}.Debug|Any CPU.Build.0 = Debug|Any CPU
		{2A066D88-BB9F-4D0F-8390-9C978927DA4D}.Release|Any CPU.ActiveCfg = Release|Any CPU
		{2A066D88-BB9F-4D0F-8390-9C978927DA4D}.Release|Any CPU.Build.0 = Release|Any CPU
		{3CC705AE-8DED-4B57-AA1C-30755F6E2E62}.Debug|Any CPU.ActiveCfg = Debug|Any CPU
		{3CC705AE-8DED-4B57-AA1C-30755F6E2E62}.Debug|Any CPU.Build.0 = Debug|Any CPU
		{3CC705AE-8DED-4B57-AA1C-30755F6E2E62}.Release|Any CPU.ActiveCfg = Release|Any CPU
		{3CC705AE-8DED-4B57-AA1C-30755F6E2E62}.Release|Any CPU.Build.0 = Release|Any CPU
		{D01092C7-A771-4093-ABA3-5F28651728E5}.Debug|Any CPU.ActiveCfg = Debug|Any CPU
		{D01092C7-A771-4093-ABA3-5F28651728E5}.Debug|Any CPU.Build.0 = Debug|Any CPU
		{D01092C7-A771-4093-ABA3-5F28651728E5}.Release|Any CPU.ActiveCfg = Release|Any CPU
		{D01092C7-A771-4093-ABA3-5F28651728E5}.Release|Any CPU.Build.0 = Release|Any CPU
		{69A9CD4F-0745-405D-A9FF-335A1E83145B}.Debug|Any CPU.ActiveCfg = Debug|Any CPU
		{69A9CD4F-0745-405D-A9FF-335A1E83145B}.Debug|Any CPU.Build.0 = Debug|Any CPU
		{69A9CD4F-0745-405D-A9FF-335A1E83145B}.Release|Any CPU.ActiveCfg = Release|Any CPU
		{69A9CD4F-0745-405D-A9FF-335A1E83145B}.Release|Any CPU.Build.0 = Release|Any CPU
		{7C11F063-BF31-4BE2-A947-CF5D3B821F20}.Debug|Any CPU.ActiveCfg = Debug|Any CPU
		{7C11F063-BF31-4BE2-A947-CF5D3B821F20}.Debug|Any CPU.Build.0 = Debug|Any CPU
		{7C11F063-BF31-4BE2-A947-CF5D3B821F20}.Release|Any CPU.ActiveCfg = Release|Any CPU
		{7C11F063-BF31-4BE2-A947-CF5D3B821F20}.Release|Any CPU.Build.0 = Release|Any CPU
		{B4966080-17B5-44DB-B46B-D854857BA1E7}.Debug|Any CPU.ActiveCfg = Debug|Any CPU
		{B4966080-17B5-44DB-B46B-D854857BA1E7}.Debug|Any CPU.Build.0 = Debug|Any CPU
		{B4966080-17B5-44DB-B46B-D854857BA1E7}.Release|Any CPU.ActiveCfg = Release|Any CPU
		{B4966080-17B5-44DB-B46B-D854857BA1E7}.Release|Any CPU.Build.0 = Release|Any CPU
		{C574306C-AEBF-46A7-A033-11C8CB2C71A3}.Debug|Any CPU.ActiveCfg = Debug|Any CPU
		{C574306C-AEBF-46A7-A033-11C8CB2C71A3}.Debug|Any CPU.Build.0 = Debug|Any CPU
		{C574306C-AEBF-46A7-A033-11C8CB2C71A3}.Release|Any CPU.ActiveCfg = Release|Any CPU
		{C574306C-AEBF-46A7-A033-11C8CB2C71A3}.Release|Any CPU.Build.0 = Release|Any CPU
		{06847FEC-2FA7-48E0-A06D-61ACBF757F14}.Debug|Any CPU.ActiveCfg = Debug|Any CPU
		{06847FEC-2FA7-48E0-A06D-61ACBF757F14}.Debug|Any CPU.Build.0 = Debug|Any CPU
		{06847FEC-2FA7-48E0-A06D-61ACBF757F14}.Release|Any CPU.ActiveCfg = Release|Any CPU
		{06847FEC-2FA7-48E0-A06D-61ACBF757F14}.Release|Any CPU.Build.0 = Release|Any CPU
	EndGlobalSection
	GlobalSection(SolutionProperties) = preSolution
		HideSolutionNode = FALSE
	EndGlobalSection
	GlobalSection(NestedProjects) = preSolution
		{1035C783-C039-4E31-B4EF-89FF90ADD59F} = {0D00BF42-4A09-40D0-A102-5868328853D9}
		{ED66F8D9-FB51-4C05-8094-45166FC4137F} = {0D00BF42-4A09-40D0-A102-5868328853D9}
		{EA789B8A-A506-4DDF-9243-D8DA126E5405} = {1035C783-C039-4E31-B4EF-89FF90ADD59F}
		{A87CD17C-8BF1-451B-9BAF-78336EE8EDA8} = {1035C783-C039-4E31-B4EF-89FF90ADD59F}
		{DC6B1564-6E0C-467C-9770-E4A288D11F96} = {1035C783-C039-4E31-B4EF-89FF90ADD59F}
		{2A066D88-BB9F-4D0F-8390-9C978927DA4D} = {1035C783-C039-4E31-B4EF-89FF90ADD59F}
		{3CC705AE-8DED-4B57-AA1C-30755F6E2E62} = {F653A955-D7A5-40A8-A1BE-1BE969C7CBAA}
		{D01092C7-A771-4093-ABA3-5F28651728E5} = {F653A955-D7A5-40A8-A1BE-1BE969C7CBAA}
		{69A9CD4F-0745-405D-A9FF-335A1E83145B} = {F653A955-D7A5-40A8-A1BE-1BE969C7CBAA}
		{46B8359A-F5F9-49AE-B867-342D195E236E} = {237380C2-C86D-4211-96C7-67E2D614C750}
		{DB49AB22-6C65-48F0-B388-5E5E5B4EF3BB} = {237380C2-C86D-4211-96C7-67E2D614C750}
		{7C11F063-BF31-4BE2-A947-CF5D3B821F20} = {46B8359A-F5F9-49AE-B867-342D195E236E}
		{B4966080-17B5-44DB-B46B-D854857BA1E7} = {46B8359A-F5F9-49AE-B867-342D195E236E}
		{C574306C-AEBF-46A7-A033-11C8CB2C71A3} = {46B8359A-F5F9-49AE-B867-342D195E236E}
		{06847FEC-2FA7-48E0-A06D-61ACBF757F14} = {46B8359A-F5F9-49AE-B867-342D195E236E}
	EndGlobalSection
	GlobalSection(ExtensibilityGlobals) = postSolution
		SolutionGuid = {2A46681A-679D-450F-AF95-E13257B37B3A}
	EndGlobalSection
EndGlobal
